
Microsoft Visual Studio Solution File, Format Version 12.00
# Visual Studio Version 17
VisualStudioVersion = 17.3.32901.215
MinimumVisualStudioVersion = 10.0.40219.1
Project("{9A19103F-16F7-4668-BE54-9A1E7A4F7556}") = "Ex_aula3_a", "Exercicio_aula3\Ex_aula3_a.csproj", "{91B5776F-D4F6-4DC3-A619-E25F0E3895F4}"
EndProject
Project("{9A19103F-16F7-4668-BE54-9A1E7A4F7556}") = "Ex_aula3_b", "Ex_aula3_b\Ex_aula3_b.csproj", "{60406030-EBFD-4EC0-8773-1FFBDBC092DD}"
EndProject
Project("{9A19103F-16F7-4668-BE54-9A1E7A4F7556}") = "Ex_aula3_c", "Ex_aula3_c\Ex_aula3_c.csproj", "{5AC17D5C-F81E-4553-B9CE-A6D86220AEE0}"
EndProject
Project("{9A19103F-16F7-4668-BE54-9A1E7A4F7556}") = "Ex_aula3_f", "Ex_aula3_f\Ex_aula3_f.csproj", "{1CBCD06F-5A80-4DF8-B615-CCE3625CE0D8}"
EndProject
Project("{9A19103F-16F7-4668-BE54-9A1E7A4F7556}") = "Ex_aula3_e", "Ex_aula3_e\Ex_aula3_e.csproj", "{FB327DE6-8301-466D-9AA0-504C63A295AF}"
EndProject
Project("{9A19103F-16F7-4668-BE54-9A1E7A4F7556}") = "Ex_aula3_d", "Ex_aula3_d\Ex_aula3_d.csproj", "{98788904-1422-4E6E-8786-A875B7F825E9}"
EndProject
Project("{9A19103F-16F7-4668-BE54-9A1E7A4F7556}") = "Ex_aula3_g", "Ex_aula3_g\Ex_aula3_g.csproj", "{A0ECD799-D43F-48C8-BBF2-413AD5302A44}"
EndProject
Project("{9A19103F-16F7-4668-BE54-9A1E7A4F7556}") = "Ex_aula3_j", "Ex_aula3_j\Ex_aula3_j.csproj", "{645296D3-8820-4B1E-9336-350931B8A4BD}"
EndProject
Project("{9A19103F-16F7-4668-BE54-9A1E7A4F7556}") = "Ex_aula3_i", "Ex_aula3_i\Ex_aula3_i.csproj", "{FD000C51-349E-4C32-A80E-06A4944743D9}"
EndProject
Project("{FAE04EC0-301F-11D3-BF4B-00C04F79EFBC}") = "Ex_aula3_h", "Ex_aula3_h\Ex_aula3_h.csproj", "{43C30CE5-FE08-4C6F-8466-1520B18FD431}"
EndProject
Global
	GlobalSection(SolutionConfigurationPlatforms) = preSolution
		Debug|Any CPU = Debug|Any CPU
		Debug|x64 = Debug|x64
		Debug|x86 = Debug|x86
		Release|Any CPU = Release|Any CPU
		Release|x64 = Release|x64
		Release|x86 = Release|x86
	EndGlobalSection
	GlobalSection(ProjectConfigurationPlatforms) = postSolution
		{91B5776F-D4F6-4DC3-A619-E25F0E3895F4}.Debug|Any CPU.ActiveCfg = Debug|Any CPU
		{91B5776F-D4F6-4DC3-A619-E25F0E3895F4}.Debug|Any CPU.Build.0 = Debug|Any CPU
		{91B5776F-D4F6-4DC3-A619-E25F0E3895F4}.Debug|x64.ActiveCfg = Debug|Any CPU
		{91B5776F-D4F6-4DC3-A619-E25F0E3895F4}.Debug|x64.Build.0 = Debug|Any CPU
		{91B5776F-D4F6-4DC3-A619-E25F0E3895F4}.Debug|x86.ActiveCfg = Debug|Any CPU
		{91B5776F-D4F6-4DC3-A619-E25F0E3895F4}.Debug|x86.Build.0 = Debug|Any CPU
		{91B5776F-D4F6-4DC3-A619-E25F0E3895F4}.Release|Any CPU.ActiveCfg = Release|Any CPU
		{91B5776F-D4F6-4DC3-A619-E25F0E3895F4}.Release|Any CPU.Build.0 = Release|Any CPU
		{91B5776F-D4F6-4DC3-A619-E25F0E3895F4}.Release|x64.ActiveCfg = Release|Any CPU
		{91B5776F-D4F6-4DC3-A619-E25F0E3895F4}.Release|x64.Build.0 = Release|Any CPU
		{91B5776F-D4F6-4DC3-A619-E25F0E3895F4}.Release|x86.ActiveCfg = Release|Any CPU
		{91B5776F-D4F6-4DC3-A619-E25F0E3895F4}.Release|x86.Build.0 = Release|Any CPU
		{60406030-EBFD-4EC0-8773-1FFBDBC092DD}.Debug|Any CPU.ActiveCfg = Debug|Any CPU
		{60406030-EBFD-4EC0-8773-1FFBDBC092DD}.Debug|Any CPU.Build.0 = Debug|Any CPU
		{60406030-EBFD-4EC0-8773-1FFBDBC092DD}.Debug|x64.ActiveCfg = Debug|Any CPU
		{60406030-EBFD-4EC0-8773-1FFBDBC092DD}.Debug|x64.Build.0 = Debug|Any CPU
		{60406030-EBFD-4EC0-8773-1FFBDBC092DD}.Debug|x86.ActiveCfg = Debug|Any CPU
		{60406030-EBFD-4EC0-8773-1FFBDBC092DD}.Debug|x86.Build.0 = Debug|Any CPU
		{60406030-EBFD-4EC0-8773-1FFBDBC092DD}.Release|Any CPU.ActiveCfg = Release|Any CPU
		{60406030-EBFD-4EC0-8773-1FFBDBC092DD}.Release|Any CPU.Build.0 = Release|Any CPU
		{60406030-EBFD-4EC0-8773-1FFBDBC092DD}.Release|x64.ActiveCfg = Release|Any CPU
		{60406030-EBFD-4EC0-8773-1FFBDBC092DD}.Release|x64.Build.0 = Release|Any CPU
		{60406030-EBFD-4EC0-8773-1FFBDBC092DD}.Release|x86.ActiveCfg = Release|Any CPU
		{60406030-EBFD-4EC0-8773-1FFBDBC092DD}.Release|x86.Build.0 = Release|Any CPU
		{5AC17D5C-F81E-4553-B9CE-A6D86220AEE0}.Debug|Any CPU.ActiveCfg = Debug|Any CPU
		{5AC17D5C-F81E-4553-B9CE-A6D86220AEE0}.Debug|Any CPU.Build.0 = Debug|Any CPU
		{5AC17D5C-F81E-4553-B9CE-A6D86220AEE0}.Debug|x64.ActiveCfg = Debug|Any CPU
		{5AC17D5C-F81E-4553-B9CE-A6D86220AEE0}.Debug|x64.Build.0 = Debug|Any CPU
		{5AC17D5C-F81E-4553-B9CE-A6D86220AEE0}.Debug|x86.ActiveCfg = Debug|Any CPU
		{5AC17D5C-F81E-4553-B9CE-A6D86220AEE0}.Debug|x86.Build.0 = Debug|Any CPU
		{5AC17D5C-F81E-4553-B9CE-A6D86220AEE0}.Release|Any CPU.ActiveCfg = Release|Any CPU
		{5AC17D5C-F81E-4553-B9CE-A6D86220AEE0}.Release|Any CPU.Build.0 = Release|Any CPU
		{5AC17D5C-F81E-4553-B9CE-A6D86220AEE0}.Release|x64.ActiveCfg = Release|Any CPU
		{5AC17D5C-F81E-4553-B9CE-A6D86220AEE0}.Release|x64.Build.0 = Release|Any CPU
		{5AC17D5C-F81E-4553-B9CE-A6D86220AEE0}.Release|x86.ActiveCfg = Release|Any CPU
		{5AC17D5C-F81E-4553-B9CE-A6D86220AEE0}.Release|x86.Build.0 = Release|Any CPU
		{1CBCD06F-5A80-4DF8-B615-CCE3625CE0D8}.Debug|Any CPU.ActiveCfg = Debug|Any CPU
		{1CBCD06F-5A80-4DF8-B615-CCE3625CE0D8}.Debug|Any CPU.Build.0 = Debug|Any CPU
		{1CBCD06F-5A80-4DF8-B615-CCE3625CE0D8}.Debug|x64.ActiveCfg = Debug|Any CPU
		{1CBCD06F-5A80-4DF8-B615-CCE3625CE0D8}.Debug|x64.Build.0 = Debug|Any CPU
		{1CBCD06F-5A80-4DF8-B615-CCE3625CE0D8}.Debug|x86.ActiveCfg = Debug|Any CPU
		{1CBCD06F-5A80-4DF8-B615-CCE3625CE0D8}.Debug|x86.Build.0 = Debug|Any CPU
		{1CBCD06F-5A80-4DF8-B615-CCE3625CE0D8}.Release|Any CPU.ActiveCfg = Release|Any CPU
		{1CBCD06F-5A80-4DF8-B615-CCE3625CE0D8}.Release|Any CPU.Build.0 = Release|Any CPU
		{1CBCD06F-5A80-4DF8-B615-CCE3625CE0D8}.Release|x64.ActiveCfg = Release|Any CPU
		{1CBCD06F-5A80-4DF8-B615-CCE3625CE0D8}.Release|x64.Build.0 = Release|Any CPU
		{1CBCD06F-5A80-4DF8-B615-CCE3625CE0D8}.Release|x86.ActiveCfg = Release|Any CPU
		{1CBCD06F-5A80-4DF8-B615-CCE3625CE0D8}.Release|x86.Build.0 = Release|Any CPU
		{FB327DE6-8301-466D-9AA0-504C63A295AF}.Debug|Any CPU.ActiveCfg = Debug|Any CPU
		{FB327DE6-8301-466D-9AA0-504C63A295AF}.Debug|Any CPU.Build.0 = Debug|Any CPU
		{FB327DE6-8301-466D-9AA0-504C63A295AF}.Debug|x64.ActiveCfg = Debug|Any CPU
		{FB327DE6-8301-466D-9AA0-504C63A295AF}.Debug|x64.Build.0 = Debug|Any CPU
		{FB327DE6-8301-466D-9AA0-504C63A295AF}.Debug|x86.ActiveCfg = Debug|Any CPU
		{FB327DE6-8301-466D-9AA0-504C63A295AF}.Debug|x86.Build.0 = Debug|Any CPU
		{FB327DE6-8301-466D-9AA0-504C63A295AF}.Release|Any CPU.ActiveCfg = Release|Any CPU
		{FB327DE6-8301-466D-9AA0-504C63A295AF}.Release|Any CPU.Build.0 = Release|Any CPU
		{FB327DE6-8301-466D-9AA0-504C63A295AF}.Release|x64.ActiveCfg = Release|Any CPU
		{FB327DE6-8301-466D-9AA0-504C63A295AF}.Release|x64.Build.0 = Release|Any CPU
		{FB327DE6-8301-466D-9AA0-504C63A295AF}.Release|x86.ActiveCfg = Release|Any CPU
		{FB327DE6-8301-466D-9AA0-504C63A295AF}.Release|x86.Build.0 = Release|Any CPU
		{98788904-1422-4E6E-8786-A875B7F825E9}.Debug|Any CPU.ActiveCfg = Debug|Any CPU
		{98788904-1422-4E6E-8786-A875B7F825E9}.Debug|Any CPU.Build.0 = Debug|Any CPU
		{98788904-1422-4E6E-8786-A875B7F825E9}.Debug|x64.ActiveCfg = Debug|Any CPU
		{98788904-1422-4E6E-8786-A875B7F825E9}.Debug|x64.Build.0 = Debug|Any CPU
		{98788904-1422-4E6E-8786-A875B7F825E9}.Debug|x86.ActiveCfg = Debug|Any CPU
		{98788904-1422-4E6E-8786-A875B7F825E9}.Debug|x86.Build.0 = Debug|Any CPU
		{98788904-1422-4E6E-8786-A875B7F825E9}.Release|Any CPU.ActiveCfg = Release|Any CPU
		{98788904-1422-4E6E-8786-A875B7F825E9}.Release|Any CPU.Build.0 = Release|Any CPU
		{98788904-1422-4E6E-8786-A875B7F825E9}.Release|x64.ActiveCfg = Release|Any CPU
		{98788904-1422-4E6E-8786-A875B7F825E9}.Release|x64.Build.0 = Release|Any CPU
		{98788904-1422-4E6E-8786-A875B7F825E9}.Release|x86.ActiveCfg = Release|Any CPU
		{98788904-1422-4E6E-8786-A875B7F825E9}.Release|x86.Build.0 = Release|Any CPU
		{A0ECD799-D43F-48C8-BBF2-413AD5302A44}.Debug|Any CPU.ActiveCfg = Debug|Any CPU
		{A0ECD799-D43F-48C8-BBF2-413AD5302A44}.Debug|Any CPU.Build.0 = Debug|Any CPU
		{A0ECD799-D43F-48C8-BBF2-413AD5302A44}.Debug|x64.ActiveCfg = Debug|Any CPU
		{A0ECD799-D43F-48C8-BBF2-413AD5302A44}.Debug|x64.Build.0 = Debug|Any CPU
		{A0ECD799-D43F-48C8-BBF2-413AD5302A44}.Debug|x86.ActiveCfg = Debug|Any CPU
		{A0ECD799-D43F-48C8-BBF2-413AD5302A44}.Debug|x86.Build.0 = Debug|Any CPU
		{A0ECD799-D43F-48C8-BBF2-413AD5302A44}.Release|Any CPU.ActiveCfg = Release|Any CPU
		{A0ECD799-D43F-48C8-BBF2-413AD5302A44}.Release|Any CPU.Build.0 = Release|Any CPU
		{A0ECD799-D43F-48C8-BBF2-413AD5302A44}.Release|x64.ActiveCfg = Release|Any CPU
		{A0ECD799-D43F-48C8-BBF2-413AD5302A44}.Release|x64.Build.0 = Release|Any CPU
		{A0ECD799-D43F-48C8-BBF2-413AD5302A44}.Release|x86.ActiveCfg = Release|Any CPU
		{A0ECD799-D43F-48C8-BBF2-413AD5302A44}.Release|x86.Build.0 = Release|Any CPU
		{645296D3-8820-4B1E-9336-350931B8A4BD}.Debug|Any CPU.ActiveCfg = Debug|Any CPU
		{645296D3-8820-4B1E-9336-350931B8A4BD}.Debug|Any CPU.Build.0 = Debug|Any CPU
		{645296D3-8820-4B1E-9336-350931B8A4BD}.Debug|x64.ActiveCfg = Debug|Any CPU
		{645296D3-8820-4B1E-9336-350931B8A4BD}.Debug|x64.Build.0 = Debug|Any CPU
		{645296D3-8820-4B1E-9336-350931B8A4BD}.Debug|x86.ActiveCfg = Debug|Any CPU
		{645296D3-8820-4B1E-9336-350931B8A4BD}.Debug|x86.Build.0 = Debug|Any CPU
		{645296D3-8820-4B1E-9336-350931B8A4BD}.Release|Any CPU.ActiveCfg = Release|Any CPU
		{645296D3-8820-4B1E-9336-350931B8A4BD}.Release|Any CPU.Build.0 = Release|Any CPU
		{645296D3-8820-4B1E-9336-350931B8A4BD}.Release|x64.ActiveCfg = Release|Any CPU
		{645296D3-8820-4B1E-9336-350931B8A4BD}.Release|x64.Build.0 = Release|Any CPU
		{645296D3-8820-4B1E-9336-350931B8A4BD}.Release|x86.ActiveCfg = Release|Any CPU
		{645296D3-8820-4B1E-9336-350931B8A4BD}.Release|x86.Build.0 = Release|Any CPU
		{FD000C51-349E-4C32-A80E-06A4944743D9}.Debug|Any CPU.ActiveCfg = Debug|Any CPU
		{FD000C51-349E-4C32-A80E-06A4944743D9}.Debug|Any CPU.Build.0 = Debug|Any CPU
		{FD000C51-349E-4C32-A80E-06A4944743D9}.Debug|x64.ActiveCfg = Debug|Any CPU
		{FD000C51-349E-4C32-A80E-06A4944743D9}.Debug|x64.Build.0 = Debug|Any CPU
		{FD000C51-349E-4C32-A80E-06A4944743D9}.Debug|x86.ActiveCfg = Debug|Any CPU
		{FD000C51-349E-4C32-A80E-06A4944743D9}.Debug|x86.Build.0 = Debug|Any CPU
		{FD000C51-349E-4C32-A80E-06A4944743D9}.Release|Any CPU.ActiveCfg = Release|Any CPU
		{FD000C51-349E-4C32-A80E-06A4944743D9}.Release|Any CPU.Build.0 = Release|Any CPU
		{FD000C51-349E-4C32-A80E-06A4944743D9}.Release|x64.ActiveCfg = Release|Any CPU
		{FD000C51-349E-4C32-A80E-06A4944743D9}.Release|x64.Build.0 = Release|Any CPU
		{FD000C51-349E-4C32-A80E-06A4944743D9}.Release|x86.ActiveCfg = Release|Any CPU
		{FD000C51-349E-4C32-A80E-06A4944743D9}.Release|x86.Build.0 = Release|Any CPU
		{43C30CE5-FE08-4C6F-8466-1520B18FD431}.Debug|Any CPU.ActiveCfg = Debug|Any CPU
		{43C30CE5-FE08-4C6F-8466-1520B18FD431}.Debug|Any CPU.Build.0 = Debug|Any CPU
		{43C30CE5-FE08-4C6F-8466-1520B18FD431}.Debug|x64.ActiveCfg = Debug|Any CPU
		{43C30CE5-FE08-4C6F-8466-1520B18FD431}.Debug|x64.Build.0 = Debug|Any CPU
		{43C30CE5-FE08-4C6F-8466-1520B18FD431}.Debug|x86.ActiveCfg = Debug|Any CPU
		{43C30CE5-FE08-4C6F-8466-1520B18FD431}.Debug|x86.Build.0 = Debug|Any CPU
		{43C30CE5-FE08-4C6F-8466-1520B18FD431}.Release|Any CPU.ActiveCfg = Release|Any CPU
		{43C30CE5-FE08-4C6F-8466-1520B18FD431}.Release|Any CPU.Build.0 = Release|Any CPU
		{43C30CE5-FE08-4C6F-8466-1520B18FD431}.Release|x64.ActiveCfg = Release|Any CPU
		{43C30CE5-FE08-4C6F-8466-1520B18FD431}.Release|x64.Build.0 = Release|Any CPU
		{43C30CE5-FE08-4C6F-8466-1520B18FD431}.Release|x86.ActiveCfg = Release|Any CPU
		{43C30CE5-FE08-4C6F-8466-1520B18FD431}.Release|x86.Build.0 = Release|Any CPU
	EndGlobalSection
	GlobalSection(SolutionProperties) = preSolution
		HideSolutionNode = FALSE
	EndGlobalSection
	GlobalSection(ExtensibilityGlobals) = postSolution
		SolutionGuid = {E8BD7EA6-1769-4343-A0FE-FDA66621C711}
	EndGlobalSection
EndGlobal
